
Microsoft Visual Studio Solution File, Format Version 12.00
# Visual Studio Version 17
VisualStudioVersion = 17.5.33627.172
MinimumVisualStudioVersion = 10.0.40219.1
Project("{FAE04EC0-301F-11D3-BF4B-00C04F79EFBC}") = "Coco", "Coco\Coco.csproj", "{D7714C73-A66A-457B-B508-17E7B46BD83F}"
EndProject
Global
	GlobalSection(SolutionConfigurationPlatforms) = preSolution
		Debug|Any CPU = Debug|Any CPU
		Release|Any CPU = Release|Any CPU
	EndGlobalSection
	GlobalSection(ProjectConfigurationPlatforms) = postSolution
		{D7714C73-A66A-457B-B508-17E7B46BD83F}.Debug|Any CPU.ActiveCfg = Debug|Any CPU
		{D7714C73-A66A-457B-B508-17E7B46BD83F}.Debug|Any CPU.Build.0 = Debug|Any CPU
		{D7714C73-A66A-457B-B508-17E7B46BD83F}.Release|Any CPU.ActiveCfg = Release|Any CPU
		{D7714C73-A66A-457B-B508-17E7B46BD83F}.Release|Any CPU.Build.0 = Release|Any CPU
	EndGlobalSection
	GlobalSection(SolutionProperties) = preSolution
		HideSolutionNode = FALSE
	EndGlobalSection
	GlobalSection(ExtensibilityGlobals) = postSolution
		SolutionGuid = {9F7B888C-78CA-47B7-BD1E-CF3C43E0635E}
	EndGlobalSection
EndGlobal
